
Microsoft Visual Studio Solution File, Format Version 12.00
# Visual Studio Version 16
VisualStudioVersion = 16.0.30011.22
MinimumVisualStudioVersion = 10.0.40219.1
Project("{FAE04EC0-301F-11D3-BF4B-00C04F79EFBC}") = "BangKiemWebApp", "BangKiemWebApp\BangKiemWebApp.csproj", "{AD32F765-8587-4A6C-9493-5A3B2B9232F1}"
EndProject
Global
	GlobalSection(SolutionConfigurationPlatforms) = preSolution
		Debug|Any CPU = Debug|Any CPU
		Release|Any CPU = Release|Any CPU
	EndGlobalSection
	GlobalSection(ProjectConfigurationPlatforms) = postSolution
		{AD32F765-8587-4A6C-9493-5A3B2B9232F1}.Debug|Any CPU.ActiveCfg = Debug|Any CPU
		{AD32F765-8587-4A6C-9493-5A3B2B9232F1}.Debug|Any CPU.Build.0 = Debug|Any CPU
		{AD32F765-8587-4A6C-9493-5A3B2B9232F1}.Release|Any CPU.ActiveCfg = Release|Any CPU
		{AD32F765-8587-4A6C-9493-5A3B2B9232F1}.Release|Any CPU.Build.0 = Release|Any CPU
	EndGlobalSection
	GlobalSection(SolutionProperties) = preSolution
		HideSolutionNode = FALSE
	EndGlobalSection
	GlobalSection(ExtensibilityGlobals) = postSolution
		SolutionGuid = {BA9D3B01-A94E-4A0D-9A95-1678808B58BB}
	EndGlobalSection
EndGlobal
